{
  "name": "cheapr",
  "version": "0.1.0",
  "lockfileVersion": 1,
  "requires": true,
  "dependencies": {
    "eslint-config-skyscanner": {
      "version": "3.0.0",
      "resolved": "https://registry.npmjs.org/eslint-config-skyscanner/-/eslint-config-skyscanner-3.0.0.tgz",
      "integrity": "sha512-7ehQ9l4EjS+zj/IWT9haDFhNko9Ay7Rff/JOBihBwRk2zEdEKDAgYg67FhmqeoJYgZD/yjXLq1FZMD25IbXeiA=="
    }
  }
}
